# requirements.lock for the inventory API image (linux/amd64, CPython 3.12).
# Generated from requirements.in with, run from the repository root:
# 
#   python -m pip download --dest .wheels-inventory \
#       --platform manylinux2014_x86_64 --platform manylinux_2_17_x86_64 \
#       --platform manylinux_2_28_x86_64 --platform any \
#       --python-version 3.12 --only-binary=:all: --implementation cp \
#       -r components/knowledge/inventory/requirements.in
# 
# and one --hash=sha256:<digest of each downloaded wheel> line per package (sha256 of the wheel
# file, as produced by "python -m pip hash"). Do not hand-edit; see docs/BUILD.md.
aiofiles==25.1.0 \
    --hash=sha256:abe311e527c862958650f9438e859c1fa7568a141b22abcd015e120e86a85695
anyio==4.15.1 \
    --hash=sha256:6152fdbbf9a77fdec97731721bebf7c4c44f7c29b424b0065826173efc7ed101
asgi-csrf==0.11 \
    --hash=sha256:03ac140115f39d4295288a9adf74fdc6ae607f6ef44abee8466520458207242b
asgiref==3.12.1 \
    --hash=sha256:fe386d1c2bff7259ea95929266d12a8cf9a8b5a1c2598402967d8792e7a7c094
attrs==26.1.0 \
    --hash=sha256:c647aa4a12dfbad9333ca4e71fe62ddc36f4e63b2d260a37a8b83d2f043ac309
certifi==2026.7.22 \
    --hash=sha256:62f22742b58a1a33014a2b6b706588a8d7e2a88ae7bd1a6ebe8c992928483775
click==8.5.0 \
    --hash=sha256:255bc9599cf7748b4b1a446ccc735421bd08a2ae529a8b88597d3de5664ee360
click-default-group==1.2.4 \
    --hash=sha256:9b60486923720e7fc61731bdb32b617039aba820e22e1c88766b1125592eaa5f
datasette==0.65.3 \
    --hash=sha256:30ea57f672f8c8ee40fc212fd63d1bdc6bb94e5afd733732b19f0c84371483da
datasette-graphql==2.2 \
    --hash=sha256:cd9f61afdcaab1ce4ff6775296e6ece99305bf05cbfae4c1c938a6c9e60cd485
flexcache==0.3 \
    --hash=sha256:d43c9fea82336af6e0115e308d9d33a185390b8346a017564611f1466dcd2e32
flexparser==0.4 \
    --hash=sha256:3738b456192dcb3e15620f324c447721023c0293f6af9955b481e91d00179846
graphene==3.4.3 \
    --hash=sha256:820db6289754c181007a150db1f7fff544b94142b556d12e3ebc777a7bf36c71
graphql-core==3.2.12 \
    --hash=sha256:3d8f104532070485e13caa4092c1e71cda2ba6cffd96e98f285111ee10ed1e51
graphql-relay==3.2.0 \
    --hash=sha256:c9b22bd28b170ba1fe674c74384a8ff30a76c8e26f88ac3aa1584dd3179953e5
h11==0.16.0 \
    --hash=sha256:63cf8bbe7522de3bf65932fda1d9c2772064ffb3dae62d55932da54b31cb6c86
httpcore==1.0.9 \
    --hash=sha256:2d400746a40668fc9dec9810239072b40b4484b640a8c38fd654a024c7a1bf55
httpx==0.28.1 \
    --hash=sha256:d909fcccc110f8c7faf814ca82a9a4d816bc5a6dbfea25d6591d6985b8ba59ad
hupper==1.12.1 \
    --hash=sha256:e872b959f09d90be5fb615bd2e62de89a0b57efc037bdf9637fb09cdf8552b19
idna==3.19 \
    --hash=sha256:815e7be7a7806d54abb586dc943addc79e8b2ee16915059658cbeff4b1b43bf4
itsdangerous==2.2.0 \
    --hash=sha256:c6242fc49e35958c8b15141343aa660db5fc54d4f13a1db01a3f5891b98700ef
janus==2.0.0 \
    --hash=sha256:7e6449d34eab04cd016befbd7d8c0d8acaaaab67cb59e076a69149f9031745f9
jinja2==3.1.6 \
    --hash=sha256:85ece4451f492d0c13c5dd7c13a64681a86afae63a5f347908daf103ce6d2f67
jsonschema==4.26.0 \
    --hash=sha256:d489f15263b8d200f8387e64b4c3a75f06629559fb73deb8fdfb525f2dab50ce
jsonschema-specifications==2025.9.1 \
    --hash=sha256:98802fee3a11ee76ecaca44429fda8a41bff98b00a0f2838151b113f210cc6fe
markupsafe==3.0.3 \
    --hash=sha256:d6dd0be5b5b189d31db7cda48b91d7e0a9795f31430b7f271219ab30f1d3ac9d
mergedeep==1.3.4 \
    --hash=sha256:70775750742b25c0d8f36c55aed03d24c3384d17c951b3175d898bd778ef0307
pip==26.2.1 \
    --hash=sha256:71138adf1f4ca900cdb7d289c21b7494329f2332b6d85f0e1c42108c0384ed3e
platformdirs==4.11.7 \
    --hash=sha256:8a02cb259042c79d1cd0450facc2fe6dc9d303ae7901afbe33bf8ea0b188cef6
pluggy==1.6.0 \
    --hash=sha256:e920276dd6813095e9377c0bc5566d94c932c33b27a3e3945d8389c374dd4746
python-dateutil==2.9.0.post0 \
    --hash=sha256:a8b2bc7bffae282281c8140a97d3aa9c14da0b136dfe83f850eea9a5f7470427
python-multipart==0.0.32 \
    --hash=sha256:ff6d3f776f16878c894e52e107296ffc890e913c611b1a4ec6c44e2821fe2e23
pyyaml==6.0.3 \
    --hash=sha256:ba1cc08a7ccde2d2ec775841541641e4548226580ab850948cbfda66a1befcdc
referencing==0.37.0 \
    --hash=sha256:381329a9f99628c9069361716891d34ad94af76e461dcb0335825aecc7692231
rpds-py==2026.6.3 \
    --hash=sha256:ecabd69db66de867690f9797f2f8fa27ba501bbc24540cbdbdc649cd15888ba6
setuptools==84.0.0 \
    --hash=sha256:51a52592b3b99e102b609654876bd65f19f999935166d1352678931132b0c670
six==1.17.0 \
    --hash=sha256:4721f391ed90541fddacab5acf947aa0d3dc7d27b2e1e8eda2be8970586c3274
sqlite-fts4==1.0.3 \
    --hash=sha256:0359edd8dea6fd73c848989e1e2b1f31a50fe5f9d7272299ff0e8dbaa62d035f
sqlite-utils==4.2.1 \
    --hash=sha256:7fbaee670713b25eceba05779b844f0895efaf680d9a226fa5ba7dfe165721c5
tabulate==0.10.0 \
    --hash=sha256:f0b0622e567335c8fabaaa659f1b33bcb6ddfe2e496071b743aa113f8774f2d3
typing-extensions==4.16.0 \
    --hash=sha256:481caa481374e813c1b176ada14e97f1f67a4539ce9cfeb3f350d78d6370c2e8
uvicorn==0.52.4 \
    --hash=sha256:f86e41a149d7d05a9969337e3946a9c171c06a5d42680896daaba624aeac8da1
